
Microsoft Visual Studio Solution File, Format Version 12.00
# Visual Studio Version 16
VisualStudioVersion = 16.0.31729.503
MinimumVisualStudioVersion = 10.0.40219.1
Project("{FAE04EC0-301F-11D3-BF4B-00C04F79EFBC}") = "NB_AMQP", "NB_AMQP\NB_AMQP.csproj", "{6A4B6234-08ED-45C9-B5C2-AA0A3E57DAF5}"
EndProject
Project("{FAE04EC0-301F-11D3-BF4B-00C04F79EFBC}") = "DAL", "DAL\DAL.csproj", "{AA76664F-1891-4226-81A3-A433D8AFCA15}"
EndProject
Global
	GlobalSection(SolutionConfigurationPlatforms) = preSolution
		Debug|Any CPU = Debug|Any CPU
		Release|Any CPU = Release|Any CPU
	EndGlobalSection
	GlobalSection(ProjectConfigurationPlatforms) = postSolution
		{6A4B6234-08ED-45C9-B5C2-AA0A3E57DAF5}.Debug|Any CPU.ActiveCfg = Debug|Any CPU
		{6A4B6234-08ED-45C9-B5C2-AA0A3E57DAF5}.Debug|Any CPU.Build.0 = Debug|Any CPU
		{6A4B6234-08ED-45C9-B5C2-AA0A3E57DAF5}.Release|Any CPU.ActiveCfg = Release|Any CPU
		{6A4B6234-08ED-45C9-B5C2-AA0A3E57DAF5}.Release|Any CPU.Build.0 = Release|Any CPU
		{AA76664F-1891-4226-81A3-A433D8AFCA15}.Debug|Any CPU.ActiveCfg = Debug|Any CPU
		{AA76664F-1891-4226-81A3-A433D8AFCA15}.Debug|Any CPU.Build.0 = Debug|Any CPU
		{AA76664F-1891-4226-81A3-A433D8AFCA15}.Release|Any CPU.ActiveCfg = Release|Any CPU
		{AA76664F-1891-4226-81A3-A433D8AFCA15}.Release|Any CPU.Build.0 = Release|Any CPU
	EndGlobalSection
	GlobalSection(SolutionProperties) = preSolution
		HideSolutionNode = FALSE
	EndGlobalSection
	GlobalSection(ExtensibilityGlobals) = postSolution
		SolutionGuid = {57193D73-34CC-4B20-9EFE-97F2A0889A9C}
	EndGlobalSection
EndGlobal
